
Microsoft Visual Studio Solution File, Format Version 12.00
# Visual Studio 14
VisualStudioVersion = 14.0.25420.1
MinimumVisualStudioVersion = 10.0.40219.1
Project("{FAE04EC0-301F-11D3-BF4B-00C04F79EFBC}") = "sample_scroll_loader", "sample_scroll_loader\sample_scroll_loader.csproj", "{1DE7B6E1-CF6B-4235-A330-3C4AE64E03EF}"
EndProject
Global
	GlobalSection(SolutionConfigurationPlatforms) = preSolution
		Debug|Any CPU = Debug|Any CPU
		Release|Any CPU = Release|Any CPU
	EndGlobalSection
	GlobalSection(ProjectConfigurationPlatforms) = postSolution
		{1DE7B6E1-CF6B-4235-A330-3C4AE64E03EF}.Debug|Any CPU.ActiveCfg = Debug|Any CPU
		{1DE7B6E1-CF6B-4235-A330-3C4AE64E03EF}.Debug|Any CPU.Build.0 = Debug|Any CPU
		{1DE7B6E1-CF6B-4235-A330-3C4AE64E03EF}.Release|Any CPU.ActiveCfg = Release|Any CPU
		{1DE7B6E1-CF6B-4235-A330-3C4AE64E03EF}.Release|Any CPU.Build.0 = Release|Any CPU
	EndGlobalSection
	GlobalSection(SolutionProperties) = preSolution
		HideSolutionNode = FALSE
	EndGlobalSection
EndGlobal
